
Microsoft Visual Studio Solution File, Format Version 12.00
# Visual Studio 14
VisualStudioVersion = 14.0.25420.1
MinimumVisualStudioVersion = 10.0.40219.1
Project("{8BB2217D-0F2D-49D1-97BC-3654ED321F3B}") = "DayPrinter", "DayPrinter\DayPrinter.xproj", "{B3E76AAA-3BE8-49C7-A831-64EF68C6F28D}"
EndProject
Project("{8BB2217D-0F2D-49D1-97BC-3654ED321F3B}") = "ElseIf", "ElseIf\ElseIf.xproj", "{C7008ACC-EE4B-49CC-B7FB-5F9F95E257A9}"
EndProject
Project("{8BB2217D-0F2D-49D1-97BC-3654ED321F3B}") = "TempConv", "TempConv\TempConv.xproj", "{6D18F93D-E26F-4FF4-ABF2-1450FD9FB19D}"
EndProject
Project("{8BB2217D-0F2D-49D1-97BC-3654ED321F3B}") = "HelloWorld", "HelloWorld\HelloWorld.xproj", "{D4E93AA7-2F10-4564-AA2A-1DC71367C8B5}"
EndProject
Project("{8BB2217D-0F2D-49D1-97BC-3654ED321F3B}") = "CountingCharacters", "CountingCharacters\CountingCharacters.xproj", "{CD5CD03F-221B-4BA2-9DEE-8DB6BE83803F}"
EndProject
Project("{8BB2217D-0F2D-49D1-97BC-3654ED321F3B}") = "Sandbox", "Sandbox\Sandbox.xproj", "{B30072D4-D11D-45B9-8F8C-4AC29E0E1C98}"
EndProject
Project("{8BB2217D-0F2D-49D1-97BC-3654ED321F3B}") = "HelloMethods", "HelloMethods\HelloMethods.xproj", "{9B69E0D2-FBD5-4FB4-9D40-768AE4F57300}"
EndProject
Project("{8BB2217D-0F2D-49D1-97BC-3654ED321F3B}") = "Gradebook", "Gradebook\Gradebook.xproj", "{9E08496B-2501-4CBF-844F-8FD7BA97F4E6}"
EndProject
Project("{8BB2217D-0F2D-49D1-97BC-3654ED321F3B}") = "GradebookDict", "GradebookDict\GradebookDict.xproj", "{EFCB1B91-2E92-478F-BFF7-013FF6911DCC}"
EndProject
Project("{8BB2217D-0F2D-49D1-97BC-3654ED321F3B}") = "GradebookArray", "GradebookArray\GradebookArray.xproj", "{89051A0E-8D18-48C3-B4E6-D05F62D252CE}"
EndProject
Project("{8BB2217D-0F2D-49D1-97BC-3654ED321F3B}") = "Area", "Area\Area.xproj", "{C1E52DDA-AACA-456F-A77F-735E72ABF701}"
EndProject
Project("{8BB2217D-0F2D-49D1-97BC-3654ED321F3B}") = "MilesPerGallon", "MilesPerGallon\MilesPerGallon.xproj", "{4E385314-E02F-4B51-933E-6B31F10095CF}"
EndProject
Project("{8BB2217D-0F2D-49D1-97BC-3654ED321F3B}") = "AliceString", "AliceString\AliceString.xproj", "{B07C105D-4048-4FF7-A8E8-BCE459A2A094}"
EndProject
Project("{8BB2217D-0F2D-49D1-97BC-3654ED321F3B}") = "CircleArea", "CircleArea\CircleArea.xproj", "{6A167D35-14AD-4C98-AF3A-582A62C57CF3}"
EndProject
Project("{8BB2217D-0F2D-49D1-97BC-3654ED321F3B}") = "HW2Lists", "HW2Lists\HW2Lists.xproj", "{D6A29EE3-618F-4C5E-BCCC-426F6C492F2C}"
EndProject
Project("{8BB2217D-0F2D-49D1-97BC-3654ED321F3B}") = "HW2Arrays", "HW2Arrays\HW2Arrays.xproj", "{258B0979-D047-41FA-AAED-F70F7E8ED999}"
EndProject
Project("{8BB2217D-0F2D-49D1-97BC-3654ED321F3B}") = "HW2Strings", "HW2Strings\HW2Strings.xproj", "{6BE74E8E-FB71-44F2-9EE8-94D86A7E9C3E}"
EndProject
Project("{8BB2217D-0F2D-49D1-97BC-3654ED321F3B}") = "HW2Dictionaries", "HW2Dictionaries\HW2Dictionaries.xproj", "{14C450DD-8980-4A70-ACAD-97A36B46FCE2}"
EndProject
Project("{8BB2217D-0F2D-49D1-97BC-3654ED321F3B}") = "HW2ListsAndStrings", "HW2ListsAndStrings\HW2ListsAndStrings.xproj", "{AB563631-D4BF-490B-A454-8E075094B55C}"
EndProject
Project("{8BB2217D-0F2D-49D1-97BC-3654ED321F3B}") = "CountingCharachters", "CountingCharachters\CountingCharachters.xproj", "{3E85745B-5FE3-4834-8403-24A8E3E0B8F7}"
EndProject
Global
	GlobalSection(SolutionConfigurationPlatforms) = preSolution
		Debug|Any CPU = Debug|Any CPU
		Release|Any CPU = Release|Any CPU
	EndGlobalSection
	GlobalSection(ProjectConfigurationPlatforms) = postSolution
		{B3E76AAA-3BE8-49C7-A831-64EF68C6F28D}.Debug|Any CPU.ActiveCfg = Debug|Any CPU
		{B3E76AAA-3BE8-49C7-A831-64EF68C6F28D}.Debug|Any CPU.Build.0 = Debug|Any CPU
		{B3E76AAA-3BE8-49C7-A831-64EF68C6F28D}.Release|Any CPU.ActiveCfg = Release|Any CPU
		{B3E76AAA-3BE8-49C7-A831-64EF68C6F28D}.Release|Any CPU.Build.0 = Release|Any CPU
		{C7008ACC-EE4B-49CC-B7FB-5F9F95E257A9}.Debug|Any CPU.ActiveCfg = Debug|Any CPU
		{C7008ACC-EE4B-49CC-B7FB-5F9F95E257A9}.Debug|Any CPU.Build.0 = Debug|Any CPU
		{C7008ACC-EE4B-49CC-B7FB-5F9F95E257A9}.Release|Any CPU.ActiveCfg = Release|Any CPU
		{C7008ACC-EE4B-49CC-B7FB-5F9F95E257A9}.Release|Any CPU.Build.0 = Release|Any CPU
		{6D18F93D-E26F-4FF4-ABF2-1450FD9FB19D}.Debug|Any CPU.ActiveCfg = Debug|Any CPU
		{6D18F93D-E26F-4FF4-ABF2-1450FD9FB19D}.Debug|Any CPU.Build.0 = Debug|Any CPU
		{6D18F93D-E26F-4FF4-ABF2-1450FD9FB19D}.Release|Any CPU.ActiveCfg = Release|Any CPU
		{6D18F93D-E26F-4FF4-ABF2-1450FD9FB19D}.Release|Any CPU.Build.0 = Release|Any CPU
		{D4E93AA7-2F10-4564-AA2A-1DC71367C8B5}.Debug|Any CPU.ActiveCfg = Debug|Any CPU
		{D4E93AA7-2F10-4564-AA2A-1DC71367C8B5}.Debug|Any CPU.Build.0 = Debug|Any CPU
		{D4E93AA7-2F10-4564-AA2A-1DC71367C8B5}.Release|Any CPU.ActiveCfg = Release|Any CPU
		{D4E93AA7-2F10-4564-AA2A-1DC71367C8B5}.Release|Any CPU.Build.0 = Release|Any CPU
		{CD5CD03F-221B-4BA2-9DEE-8DB6BE83803F}.Debug|Any CPU.ActiveCfg = Debug|Any CPU
		{CD5CD03F-221B-4BA2-9DEE-8DB6BE83803F}.Debug|Any CPU.Build.0 = Debug|Any CPU
		{CD5CD03F-221B-4BA2-9DEE-8DB6BE83803F}.Release|Any CPU.ActiveCfg = Release|Any CPU
		{CD5CD03F-221B-4BA2-9DEE-8DB6BE83803F}.Release|Any CPU.Build.0 = Release|Any CPU
		{B30072D4-D11D-45B9-8F8C-4AC29E0E1C98}.Debug|Any CPU.ActiveCfg = Debug|Any CPU
		{B30072D4-D11D-45B9-8F8C-4AC29E0E1C98}.Debug|Any CPU.Build.0 = Debug|Any CPU
		{B30072D4-D11D-45B9-8F8C-4AC29E0E1C98}.Release|Any CPU.ActiveCfg = Release|Any CPU
		{B30072D4-D11D-45B9-8F8C-4AC29E0E1C98}.Release|Any CPU.Build.0 = Release|Any CPU
		{9B69E0D2-FBD5-4FB4-9D40-768AE4F57300}.Debug|Any CPU.ActiveCfg = Debug|Any CPU
		{9B69E0D2-FBD5-4FB4-9D40-768AE4F57300}.Debug|Any CPU.Build.0 = Debug|Any CPU
		{9B69E0D2-FBD5-4FB4-9D40-768AE4F57300}.Release|Any CPU.ActiveCfg = Release|Any CPU
		{9B69E0D2-FBD5-4FB4-9D40-768AE4F57300}.Release|Any CPU.Build.0 = Release|Any CPU
		{9E08496B-2501-4CBF-844F-8FD7BA97F4E6}.Debug|Any CPU.ActiveCfg = Debug|Any CPU
		{9E08496B-2501-4CBF-844F-8FD7BA97F4E6}.Debug|Any CPU.Build.0 = Debug|Any CPU
		{9E08496B-2501-4CBF-844F-8FD7BA97F4E6}.Release|Any CPU.ActiveCfg = Release|Any CPU
		{9E08496B-2501-4CBF-844F-8FD7BA97F4E6}.Release|Any CPU.Build.0 = Release|Any CPU
		{EFCB1B91-2E92-478F-BFF7-013FF6911DCC}.Debug|Any CPU.ActiveCfg = Debug|Any CPU
		{EFCB1B91-2E92-478F-BFF7-013FF6911DCC}.Debug|Any CPU.Build.0 = Debug|Any CPU
		{EFCB1B91-2E92-478F-BFF7-013FF6911DCC}.Release|Any CPU.ActiveCfg = Release|Any CPU
		{EFCB1B91-2E92-478F-BFF7-013FF6911DCC}.Release|Any CPU.Build.0 = Release|Any CPU
		{89051A0E-8D18-48C3-B4E6-D05F62D252CE}.Debug|Any CPU.ActiveCfg = Debug|Any CPU
		{89051A0E-8D18-48C3-B4E6-D05F62D252CE}.Debug|Any CPU.Build.0 = Debug|Any CPU
		{89051A0E-8D18-48C3-B4E6-D05F62D252CE}.Release|Any CPU.ActiveCfg = Release|Any CPU
		{89051A0E-8D18-48C3-B4E6-D05F62D252CE}.Release|Any CPU.Build.0 = Release|Any CPU
		{C1E52DDA-AACA-456F-A77F-735E72ABF701}.Debug|Any CPU.ActiveCfg = Debug|Any CPU
		{C1E52DDA-AACA-456F-A77F-735E72ABF701}.Debug|Any CPU.Build.0 = Debug|Any CPU
		{C1E52DDA-AACA-456F-A77F-735E72ABF701}.Release|Any CPU.ActiveCfg = Release|Any CPU
		{C1E52DDA-AACA-456F-A77F-735E72ABF701}.Release|Any CPU.Build.0 = Release|Any CPU
		{4E385314-E02F-4B51-933E-6B31F10095CF}.Debug|Any CPU.ActiveCfg = Debug|Any CPU
		{4E385314-E02F-4B51-933E-6B31F10095CF}.Debug|Any CPU.Build.0 = Debug|Any CPU
		{4E385314-E02F-4B51-933E-6B31F10095CF}.Release|Any CPU.ActiveCfg = Release|Any CPU
		{4E385314-E02F-4B51-933E-6B31F10095CF}.Release|Any CPU.Build.0 = Release|Any CPU
		{B07C105D-4048-4FF7-A8E8-BCE459A2A094}.Debug|Any CPU.ActiveCfg = Debug|Any CPU
		{B07C105D-4048-4FF7-A8E8-BCE459A2A094}.Debug|Any CPU.Build.0 = Debug|Any CPU
		{B07C105D-4048-4FF7-A8E8-BCE459A2A094}.Release|Any CPU.ActiveCfg = Release|Any CPU
		{B07C105D-4048-4FF7-A8E8-BCE459A2A094}.Release|Any CPU.Build.0 = Release|Any CPU
		{6A167D35-14AD-4C98-AF3A-582A62C57CF3}.Debug|Any CPU.ActiveCfg = Debug|Any CPU
		{6A167D35-14AD-4C98-AF3A-582A62C57CF3}.Debug|Any CPU.Build.0 = Debug|Any CPU
		{6A167D35-14AD-4C98-AF3A-582A62C57CF3}.Release|Any CPU.ActiveCfg = Release|Any CPU
		{6A167D35-14AD-4C98-AF3A-582A62C57CF3}.Release|Any CPU.Build.0 = Release|Any CPU
		{D6A29EE3-618F-4C5E-BCCC-426F6C492F2C}.Debug|Any CPU.ActiveCfg = Debug|Any CPU
		{D6A29EE3-618F-4C5E-BCCC-426F6C492F2C}.Debug|Any CPU.Build.0 = Debug|Any CPU
		{D6A29EE3-618F-4C5E-BCCC-426F6C492F2C}.Release|Any CPU.ActiveCfg = Release|Any CPU
		{D6A29EE3-618F-4C5E-BCCC-426F6C492F2C}.Release|Any CPU.Build.0 = Release|Any CPU
		{258B0979-D047-41FA-AAED-F70F7E8ED999}.Debug|Any CPU.ActiveCfg = Debug|Any CPU
		{258B0979-D047-41FA-AAED-F70F7E8ED999}.Debug|Any CPU.Build.0 = Debug|Any CPU
		{258B0979-D047-41FA-AAED-F70F7E8ED999}.Release|Any CPU.ActiveCfg = Release|Any CPU
		{258B0979-D047-41FA-AAED-F70F7E8ED999}.Release|Any CPU.Build.0 = Release|Any CPU
		{6BE74E8E-FB71-44F2-9EE8-94D86A7E9C3E}.Debug|Any CPU.ActiveCfg = Debug|Any CPU
		{6BE74E8E-FB71-44F2-9EE8-94D86A7E9C3E}.Debug|Any CPU.Build.0 = Debug|Any CPU
		{6BE74E8E-FB71-44F2-9EE8-94D86A7E9C3E}.Release|Any CPU.ActiveCfg = Release|Any CPU
		{6BE74E8E-FB71-44F2-9EE8-94D86A7E9C3E}.Release|Any CPU.Build.0 = Release|Any CPU
		{14C450DD-8980-4A70-ACAD-97A36B46FCE2}.Debug|Any CPU.ActiveCfg = Debug|Any CPU
		{14C450DD-8980-4A70-ACAD-97A36B46FCE2}.Debug|Any CPU.Build.0 = Debug|Any CPU
		{14C450DD-8980-4A70-ACAD-97A36B46FCE2}.Release|Any CPU.ActiveCfg = Release|Any CPU
		{14C450DD-8980-4A70-ACAD-97A36B46FCE2}.Release|Any CPU.Build.0 = Release|Any CPU
		{AB563631-D4BF-490B-A454-8E075094B55C}.Debug|Any CPU.ActiveCfg = Debug|Any CPU
		{AB563631-D4BF-490B-A454-8E075094B55C}.Debug|Any CPU.Build.0 = Debug|Any CPU
		{AB563631-D4BF-490B-A454-8E075094B55C}.Release|Any CPU.ActiveCfg = Release|Any CPU
		{AB563631-D4BF-490B-A454-8E075094B55C}.Release|Any CPU.Build.0 = Release|Any CPU
		{3E85745B-5FE3-4834-8403-24A8E3E0B8F7}.Debug|Any CPU.ActiveCfg = Debug|Any CPU
		{3E85745B-5FE3-4834-8403-24A8E3E0B8F7}.Debug|Any CPU.Build.0 = Debug|Any CPU
		{3E85745B-5FE3-4834-8403-24A8E3E0B8F7}.Release|Any CPU.ActiveCfg = Release|Any CPU
		{3E85745B-5FE3-4834-8403-24A8E3E0B8F7}.Release|Any CPU.Build.0 = Release|Any CPU
	EndGlobalSection
	GlobalSection(SolutionProperties) = preSolution
		HideSolutionNode = FALSE
	EndGlobalSection
EndGlobal
